
Microsoft Visual Studio Solution File, Format Version 12.00
Project("{FAE04EC0-301F-11D3-BF4B-00C04F79EFBC}") = "LibraryAppGrupo3", "LibraryAppGrupo3\LibraryAppGrupo3.csproj", "{9258112F-15CC-4597-A662-3633FC293717}"
EndProject
Global
	GlobalSection(SolutionConfigurationPlatforms) = preSolution
		Debug|Any CPU = Debug|Any CPU
		Release|Any CPU = Release|Any CPU
	EndGlobalSection
	GlobalSection(ProjectConfigurationPlatforms) = postSolution
		{9258112F-15CC-4597-A662-3633FC293717}.Debug|Any CPU.ActiveCfg = Debug|Any CPU
		{9258112F-15CC-4597-A662-3633FC293717}.Debug|Any CPU.Build.0 = Debug|Any CPU
		{9258112F-15CC-4597-A662-3633FC293717}.Release|Any CPU.ActiveCfg = Release|Any CPU
		{9258112F-15CC-4597-A662-3633FC293717}.Release|Any CPU.Build.0 = Release|Any CPU
	EndGlobalSection
EndGlobal
